// !$*UTF8*$!
{
	archiveVersion = 1;
	classes = {
	};
	objectVersion = 46;
	objects = {

/* Begin PBXBuildFile section */
		0958066DED8E9657732C34A5 /* Pods_TumblrFeedUITests.framework in Frameworks */ = {isa = PBXBuildFile; fileRef = DD66026C8ADF27D01D262862 /* Pods_TumblrFeedUITests.framework */; };
		3D8EC4CC2B2F90F8F6CCFBCE /* Pods_TumblrFeedTests.framework in Frameworks */ = {isa = PBXBuildFile; fileRef = 4AA563C64AA33003C899D595 /* Pods_TumblrFeedTests.framework */; };
		463528481E43F491003CC115 /* AppDelegate.swift in Sources */ = {isa = PBXBuildFile; fileRef = 463528471E43F491003CC115 /* AppDelegate.swift */; };
		4635284D1E43F491003CC115 /* Main.storyboard in Resources */ = {isa = PBXBuildFile; fileRef = 4635284B1E43F491003CC115 /* Main.storyboard */; };
		4635284F1E43F491003CC115 /* Assets.xcassets in Resources */ = {isa = PBXBuildFile; fileRef = 4635284E1E43F491003CC115 /* Assets.xcassets */; };
		463528521E43F491003CC115 /* LaunchScreen.storyboard in Resources */ = {isa = PBXBuildFile; fileRef = 463528501E43F491003CC115 /* LaunchScreen.storyboard */; };
		4635285D1E43F491003CC115 /* TumblrFeedTests.swift in Sources */ = {isa = PBXBuildFile; fileRef = 4635285C1E43F491003CC115 /* TumblrFeedTests.swift */; };
		463528681E43F491003CC115 /* TumblrFeedUITests.swift in Sources */ = {isa = PBXBuildFile; fileRef = 463528671E43F491003CC115 /* TumblrFeedUITests.swift */; };
		463528761E43F5F8003CC115 /* PhotosViewController.swift in Sources */ = {isa = PBXBuildFile; fileRef = 463528751E43F5F8003CC115 /* PhotosViewController.swift */; };
		84DAD6CEFB9BC3E1950FA842 /* Pods_TumblrFeed.framework in Frameworks */ = {isa = PBXBuildFile; fileRef = DFBA062D2BAB8ECDD14C8830 /* Pods_TumblrFeed.framework */; };
/* End PBXBuildFile section */

/* Begin PBXContainerItemProxy section */
		463528591E43F491003CC115 /* PBXContainerItemProxy */ = {
			isa = PBXContainerItemProxy;
			containerPortal = 4635283C1E43F491003CC115 /* Project object */;
			proxyType = 1;
			remoteGlobalIDString = 463528431E43F491003CC115;
			remoteInfo = TumblrFeed;
		};
		463528641E43F491003CC115 /* PBXContainerItemProxy */ = {
			isa = PBXContainerItemProxy;
			containerPortal = 4635283C1E43F491003CC115 /* Project object */;
			proxyType = 1;
			remoteGlobalIDString = 463528431E43F491003CC115;
			remoteInfo = TumblrFeed;
		};
/* End PBXContainerItemProxy section */

/* Begin PBXFileReference section */
		463528441E43F491003CC115 /* TumblrFeed.app */ = {isa = PBXFileReference; explicitFileType = wrapper.application; includeInIndex = 0; path = TumblrFeed.app; sourceTree = BUILT_PRODUCTS_DIR; };
		463528471E43F491003CC115 /* AppDelegate.swift */ = {isa = PBXFileReference; lastKnownFileType = sourcecode.swift; path = AppDelegate.swift; sourceTree = "<group>"; };
		4635284C1E43F491003CC115 /* Base */ = {isa = PBXFileReference; lastKnownFileType = file.storyboard; name = Base; path = Base.lproj/Main.storyboard; sourceTree = "<group>"; };
		4635284E1E43F491003CC115 /* Assets.xcassets */ = {isa = PBXFileReference; lastKnownFileType = folder.assetcatalog; path = Assets.xcassets; sourceTree = "<group>"; };
		463528511E43F491003CC115 /* Base */ = {isa = PBXFileReference; lastKnownFileType = file.storyboard; name = Base; path = Base.lproj/LaunchScreen.storyboard; sourceTree = "<group>"; };
		463528531E43F491003CC115 /* Info.plist */ = {isa = PBXFileReference; lastKnownFileType = text.plist.xml; path = Info.plist; sourceTree = "<group>"; };
		463528581E43F491003CC115 /* TumblrFeedTests.xctest */ = {isa = PBXFileReference; explicitFileType = wrapper.cfbundle; includeInIndex = 0; path = TumblrFeedTests.xctest; sourceTree = BUILT_PRODUCTS_DIR; };
		4635285C1E43F491003CC115 /* TumblrFeedTests.swift */ = {isa = PBXFileReference; lastKnownFileType = sourcecode.swift; path = TumblrFeedTests.swift; sourceTree = "<group>"; };
		4635285E1E43F491003CC115 /* Info.plist */ = {isa = PBXFileReference; lastKnownFileType = text.plist.xml; path = Info.plist; sourceTree = "<group>"; };
		463528631E43F491003CC115 /* TumblrFeedUITests.xctest */ = {isa = PBXFileReference; explicitFileType = wrapper.cfbundle; includeInIndex = 0; path = TumblrFeedUITests.xctest; sourceTree = BUILT_PRODUCTS_DIR; };
		463528671E43F491003CC115 /* TumblrFeedUITests.swift */ = {isa = PBXFileReference; lastKnownFileType = sourcecode.swift; path = TumblrFeedUITests.swift; sourceTree = "<group>"; };
		463528691E43F491003CC115 /* Info.plist */ = {isa = PBXFileReference; lastKnownFileType = text.plist.xml; path = Info.plist; sourceTree = "<group>"; };
		463528751E43F5F8003CC115 /* PhotosViewController.swift */ = {isa = PBXFileReference; fileEncoding = 4; lastKnownFileType = sourcecode.swift; path = PhotosViewController.swift; sourceTree = "<group>"; };
		4AA563C64AA33003C899D595 /* Pods_TumblrFeedTests.framework */ = {isa = PBXFileReference; explicitFileType = wrapper.framework; includeInIndex = 0; path = Pods_TumblrFeedTests.framework; sourceTree = BUILT_PRODUCTS_DIR; };
		74C3373A39700791F8A65BE9 /* Pods-TumblrFeedTests.release.xcconfig */ = {isa = PBXFileReference; includeInIndex = 1; lastKnownFileType = text.xcconfig; name = "Pods-TumblrFeedTests.release.xcconfig"; path = "Pods/Target Support Files/Pods-TumblrFeedTests/Pods-TumblrFeedTests.release.xcconfig"; sourceTree = "<group>"; };
		76ECBD73E1A058B0B3ABEB15 /* Pods-TumblrFeedUITests.debug.xcconfig */ = {isa = PBXFileReference; includeInIndex = 1; lastKnownFileType = text.xcconfig; name = "Pods-TumblrFeedUITests.debug.xcconfig"; path = "Pods/Target Support Files/Pods-TumblrFeedUITests/Pods-TumblrFeedUITests.debug.xcconfig"; sourceTree = "<group>"; };
		92FC36568A982955D09F12B8 /* Pods-TumblrFeedTests.debug.xcconfig */ = {isa = PBXFileReference; includeInIndex = 1; lastKnownFileType = text.xcconfig; name = "Pods-TumblrFeedTests.debug.xcconfig"; path = "Pods/Target Support Files/Pods-TumblrFeedTests/Pods-TumblrFeedTests.debug.xcconfig"; sourceTree = "<group>"; };
		9D77FCD514228A32EDC1C473 /* Pods-TumblrFeedUITests.release.xcconfig */ = {isa = PBXFileReference; includeInIndex = 1; lastKnownFileType = text.xcconfig; name = "Pods-TumblrFeedUITests.release.xcconfig"; path = "Pods/Target Support Files/Pods-TumblrFeedUITests/Pods-TumblrFeedUITests.release.xcconfig"; sourceTree = "<group>"; };
		D3BBFF645BC0210150779AF8 /* Pods-TumblrFeed.debug.xcconfig */ = {isa = PBXFileReference; includeInIndex = 1; lastKnownFileType = text.xcconfig; name = "Pods-TumblrFeed.debug.xcconfig"; path = "Pods/Target Support Files/Pods-TumblrFeed/Pods-TumblrFeed.debug.xcconfig"; sourceTree = "<group>"; };
		DD66026C8ADF27D01D262862 /* Pods_TumblrFeedUITests.framework */ = {isa = PBXFileReference; explicitFileType = wrapper.framework; includeInIndex = 0; path = Pods_TumblrFeedUITests.framework; sourceTree = BUILT_PRODUCTS_DIR; };
		DFBA062D2BAB8ECDD14C8830 /* Pods_TumblrFeed.framework */ = {isa = PBXFileReference; explicitFileType = wrapper.framework; includeInIndex = 0; path = Pods_TumblrFeed.framework; sourceTree = BUILT_PRODUCTS_DIR; };
		F96F4F2910000D8003A1A25E /* Pods-TumblrFeed.release.xcconfig */ = {isa = PBXFileReference; includeInIndex = 1; lastKnownFileType = text.xcconfig; name = "Pods-TumblrFeed.release.xcconfig"; path = "Pods/Target Support Files/Pods-TumblrFeed/Pods-TumblrFeed.release.xcconfig"; sourceTree = "<group>"; };
/* End PBXFileReference section */

/* Begin PBXFrameworksBuildPhase section */
		463528411E43F491003CC115 /* Frameworks */ = {
			isa = PBXFrameworksBuildPhase;
			buildActionMask = 2147483647;
			files = (
				84DAD6CEFB9BC3E1950FA842 /* Pods_TumblrFeed.framework in Frameworks */,
			);
			runOnlyForDeploymentPostprocessing = 0;
		};
		463528551E43F491003CC115 /* Frameworks */ = {
			isa = PBXFrameworksBuildPhase;
			buildActionMask = 2147483647;
			files = (
				3D8EC4CC2B2F90F8F6CCFBCE /* Pods_TumblrFeedTests.framework in Frameworks */,
			);
			runOnlyForDeploymentPostprocessing = 0;
		};
		463528601E43F491003CC115 /* Frameworks */ = {
			isa = PBXFrameworksBuildPhase;
			buildActionMask = 2147483647;
			files = (
				0958066DED8E9657732C34A5 /* Pods_TumblrFeedUITests.framework in Frameworks */,
			);
			runOnlyForDeploymentPostprocessing = 0;
		};
/* End PBXFrameworksBuildPhase section */

/* Begin PBXGroup section */
		4635283B1E43F491003CC115 = {
			isa = PBXGroup;
			children = (
				463528461E43F491003CC115 /* TumblrFeed */,
				4635285B1E43F491003CC115 /* TumblrFeedTests */,
				463528661E43F491003CC115 /* TumblrFeedUITests */,
				463528451E43F491003CC115 /* Products */,
				BA370612C7FFD7803E7A7EB2 /* Pods */,
				4FB8F223F1913C043DFB54EE /* Frameworks */,
			);
			sourceTree = "<group>";
		};
		463528451E43F491003CC115 /* Products */ = {
			isa = PBXGroup;
			children = (
				463528441E43F491003CC115 /* TumblrFeed.app */,
				463528581E43F491003CC115 /* TumblrFeedTests.xctest */,
				463528631E43F491003CC115 /* TumblrFeedUITests.xctest */,
			);
			name = Products;
			sourceTree = "<group>";
		};
		463528461E43F491003CC115 /* TumblrFeed */ = {
			isa = PBXGroup;
			children = (
				463528471E43F491003CC115 /* AppDelegate.swift */,
				4635284B1E43F491003CC115 /* Main.storyboard */,
				4635284E1E43F491003CC115 /* Assets.xcassets */,
				463528501E43F491003CC115 /* LaunchScreen.storyboard */,
				463528531E43F491003CC115 /* Info.plist */,
				463528751E43F5F8003CC115 /* PhotosViewController.swift */,
			);
			path = TumblrFeed;
			sourceTree = "<group>";
		};
		4635285B1E43F491003CC115 /* TumblrFeedTests */ = {
			isa = PBXGroup;
			children = (
				4635285C1E43F491003CC115 /* TumblrFeedTests.swift */,
				4635285E1E43F491003CC115 /* Info.plist */,
			);
			path = TumblrFeedTests;
			sourceTree = "<group>";
		};
		463528661E43F491003CC115 /* TumblrFeedUITests */ = {
			isa = PBXGroup;
			children = (
				463528671E43F491003CC115 /* TumblrFeedUITests.swift */,
				463528691E43F491003CC115 /* Info.plist */,
			);
			path = TumblrFeedUITests;
			sourceTree = "<group>";
		};
		4FB8F223F1913C043DFB54EE /* Frameworks */ = {
			isa = PBXGroup;
			children = (
				DFBA062D2BAB8ECDD14C8830 /* Pods_TumblrFeed.framework */,
				4AA563C64AA33003C899D595 /* Pods_TumblrFeedTests.framework */,
				DD66026C8ADF27D01D262862 /* Pods_TumblrFeedUITests.framework */,
			);
			name = Frameworks;
			sourceTree = "<group>";
		};
		BA370612C7FFD7803E7A7EB2 /* Pods */ = {
			isa = PBXGroup;
			children = (
				D3BBFF645BC0210150779AF8 /* Pods-TumblrFeed.debug.xcconfig */,
				F96F4F2910000D8003A1A25E /* Pods-TumblrFeed.release.xcconfig */,
				92FC36568A982955D09F12B8 /* Pods-TumblrFeedTests.debug.xcconfig */,
				74C3373A39700791F8A65BE9 /* Pods-TumblrFeedTests.release.xcconfig */,
				76ECBD73E1A058B0B3ABEB15 /* Pods-TumblrFeedUITests.debug.xcconfig */,
				9D77FCD514228A32EDC1C473 /* Pods-TumblrFeedUITests.release.xcconfig */,
			);
			name = Pods;
			sourceTree = "<group>";
		};
/* End PBXGroup section */

/* Begin PBXNativeTarget section */
		463528431E43F491003CC115 /* TumblrFeed */ = {
			isa = PBXNativeTarget;
			buildConfigurationList = 4635286C1E43F491003CC115 /* Build configuration list for PBXNativeTarget "TumblrFeed" */;
			buildPhases = (
				59AE52BC926231153C9FB2FF /* [CP] Check Pods Manifest.lock */,
				463528401E43F491003CC115 /* Sources */,
				463528411E43F491003CC115 /* Frameworks */,
				463528421E43F491003CC115 /* Resources */,
				41F76CB12625C784736309AD /* [CP] Embed Pods Frameworks */,
				EB17C1A74287605D54DF9B05 /* [CP] Copy Pods Resources */,
			);
			buildRules = (
			);
			dependencies = (
			);
			name = TumblrFeed;
			productName = TumblrFeed;
			productReference = 463528441E43F491003CC115 /* TumblrFeed.app */;
			productType = "com.apple.product-type.application";
		};
		463528571E43F491003CC115 /* TumblrFeedTests */ = {
			isa = PBXNativeTarget;
			buildConfigurationList = 4635286F1E43F491003CC115 /* Build configuration list for PBXNativeTarget "TumblrFeedTests" */;
			buildPhases = (
				A7ED3BA86F2D80E98027AD18 /* [CP] Check Pods Manifest.lock */,
				463528541E43F491003CC115 /* Sources */,
				463528551E43F491003CC115 /* Frameworks */,
				463528561E43F491003CC115 /* Resources */,
				22BD172AD2024909EA31943A /* [CP] Embed Pods Frameworks */,
				5B762EA04460AC6FC95EFBD7 /* [CP] Copy Pods Resources */,
			);
			buildRules = (
			);
			dependencies = (
				4635285A1E43F491003CC115 /* PBXTargetDependency */,
			);
			name = TumblrFeedTests;
			productName = TumblrFeedTests;
			productReference = 463528581E43F491003CC115 /* TumblrFeedTests.xctest */;
			productType = "com.apple.product-type.bundle.unit-test";
		};
		463528621E43F491003CC115 /* TumblrFeedUITests */ = {
			isa = PBXNativeTarget;
			buildConfigurationList = 463528721E43F491003CC115 /* Build configuration list for PBXNativeTarget "TumblrFeedUITests" */;
			buildPhases = (
				91D6FBE700CFBC4EBADB9643 /* [CP] Check Pods Manifest.lock */,
				4635285F1E43F491003CC115 /* Sources */,
				463528601E43F491003CC115 /* Frameworks */,
				463528611E43F491003CC115 /* Resources */,
				47BED51B63062D24AEE66200 /* [CP] Embed Pods Frameworks */,
				639FEE25FBADD450C152A71C /* [CP] Copy Pods Resources */,
			);
			buildRules = (
			);
			dependencies = (
				463528651E43F491003CC115 /* PBXTargetDependency */,
			);
			name = TumblrFeedUITests;
			productName = TumblrFeedUITests;
			productReference = 463528631E43F491003CC115 /* TumblrFeedUITests.xctest */;
			productType = "com.apple.product-type.bundle.ui-testing";
		};
/* End PBXNativeTarget section */

/* Begin PBXProject section */
		4635283C1E43F491003CC115 /* Project object */ = {
			isa = PBXProject;
			attributes = {
				LastSwiftUpdateCheck = 0820;
				LastUpgradeCheck = 0820;
				ORGANIZATIONNAME = "Youssef Elabd";
				TargetAttributes = {
					463528431E43F491003CC115 = {
						CreatedOnToolsVersion = 8.2.1;
						ProvisioningStyle = Automatic;
					};
					463528571E43F491003CC115 = {
						CreatedOnToolsVersion = 8.2.1;
						ProvisioningStyle = Automatic;
						TestTargetID = 463528431E43F491003CC115;
					};
					463528621E43F491003CC115 = {
						CreatedOnToolsVersion = 8.2.1;
						ProvisioningStyle = Automatic;
						TestTargetID = 463528431E43F491003CC115;
					};
				};
			};
			buildConfigurationList = 4635283F1E43F491003CC115 /* Build configuration list for PBXProject "TumblrFeed" */;
			compatibilityVersion = "Xcode 3.2";
			developmentRegion = English;
			hasScannedForEncodings = 0;
			knownRegions = (
				en,
				Base,
			);
			mainGroup = 4635283B1E43F491003CC115;
			productRefGroup = 463528451E43F491003CC115 /* Products */;
			projectDirPath = "";
			projectRoot = "";
			targets = (
				463528431E43F491003CC115 /* TumblrFeed */,
				463528571E43F491003CC115 /* TumblrFeedTests */,
				463528621E43F491003CC115 /* TumblrFeedUITests */,
			);
		};
/* End PBXProject section */

/* Begin PBXResourcesBuildPhase section */
		463528421E43F491003CC115 /* Resources */ = {
			isa = PBXResourcesBuildPhase;
			buildActionMask = 2147483647;
			files = (
				463528521E43F491003CC115 /* LaunchScreen.storyboard in Resources */,
				4635284F1E43F491003CC115 /* Assets.xcassets in Resources */,
				4635284D1E43F491003CC115 /* Main.storyboard in Resources */,
			);
			runOnlyForDeploymentPostprocessing = 0;
		};
		463528561E43F491003CC115 /* Resources */ = {
			isa = PBXResourcesBuildPhase;
			buildActionMask = 2147483647;
			files = (
			);
			runOnlyForDeploymentPostprocessing = 0;
		};
		463528611E43F491003CC115 /* Resources */ = {
			isa = PBXResourcesBuildPhase;
			buildActionMask = 2147483647;
			files = (
			);
			runOnlyForDeploymentPostprocessing = 0;
		};
/* End PBXResourcesBuildPhase section */

/* Begin PBXShellScriptBuildPhase section */
		22BD172AD2024909EA31943A /* [CP] Embed Pods Frameworks */ = {
			isa = PBXShellScriptBuildPhase;
			buildActionMask = 2147483647;
			files = (
			);
			inputPaths = (
			);
			name = "[CP] Embed Pods Frameworks";
			outputPaths = (
			);
			runOnlyForDeploymentPostprocessing = 0;
			shellPath = /bin/sh;
			shellScript = "\"${SRCROOT}/Pods/Target Support Files/Pods-TumblrFeedTests/Pods-TumblrFeedTests-frameworks.sh\"\n";
			showEnvVarsInLog = 0;
		};
		41F76CB12625C784736309AD /* [CP] Embed Pods Frameworks */ = {
			isa = PBXShellScriptBuildPhase;
			buildActionMask = 2147483647;
			files = (
			);
			inputPaths = (
			);
			name = "[CP] Embed Pods Frameworks";
			outputPaths = (
			);
			runOnlyForDeploymentPostprocessing = 0;
			shellPath = /bin/sh;
			shellScript = "\"${SRCROOT}/Pods/Target Support Files/Pods-TumblrFeed/Pods-TumblrFeed-frameworks.sh\"\n";
			showEnvVarsInLog = 0;
		};
		47BED51B63062D24AEE66200 /* [CP] Embed Pods Frameworks */ = {
			isa = PBXShellScriptBuildPhase;
			buildActionMask = 2147483647;
			files = (
			);
			inputPaths = (
			);
			name = "[CP] Embed Pods Frameworks";
			outputPaths = (
			);
			runOnlyForDeploymentPostprocessing = 0;
			shellPath = /bin/sh;
			shellScript = "\"${SRCROOT}/Pods/Target Support Files/Pods-TumblrFeedUITests/Pods-TumblrFeedUITests-frameworks.sh\"\n";
			showEnvVarsInLog = 0;
		};
		59AE52BC926231153C9FB2FF /* [CP] Check Pods Manifest.lock */ = {
			isa = PBXShellScriptBuildPhase;
			buildActionMask = 2147483647;
			files = (
			);
			inputPaths = (
			);
			name = "[CP] Check Pods Manifest.lock";
			outputPaths = (
			);
			runOnlyForDeploymentPostprocessing = 0;
			shellPath = /bin/sh;
			shellScript = "diff \"${PODS_ROOT}/../Podfile.lock\" \"${PODS_ROOT}/Manifest.lock\" > /dev/null\nif [ $? != 0 ] ; then\n    # print error to STDERR\n    echo \"error: The sandbox is not in sync with the Podfile.lock. Run 'pod install' or update your CocoaPods installation.\" >&2\n    exit 1\nfi\n";
			showEnvVarsInLog = 0;
		};
		5B762EA04460AC6FC95EFBD7 /* [CP] Copy Pods Resources */ = {
			isa = PBXShellScriptBuildPhase;
			buildActionMask = 2147483647;
			files = (
			);
			inputPaths = (
			);
			name = "[CP] Copy Pods Resources";
			outputPaths = (
			);
			runOnlyForDeploymentPostprocessing = 0;
			shellPath = /bin/sh;
			shellScript = "\"${SRCROOT}/Pods/Target Support Files/Pods-TumblrFeedTests/Pods-TumblrFeedTests-resources.sh\"\n";
			showEnvVarsInLog = 0;
		};
		639FEE25FBADD450C152A71C /* [CP] Copy Pods Resources */ = {
			isa = PBXShellScriptBuildPhase;
			buildActionMask = 2147483647;
			files = (
			);
			inputPaths = (
			);
			name = "[CP] Copy Pods Resources";
			outputPaths = (
			);
			runOnlyForDeploymentPostprocessing = 0;
			shellPath = /bin/sh;
			shellScript = "\"${SRCROOT}/Pods/Target Support Files/Pods-TumblrFeedUITests/Pods-TumblrFeedUITests-resources.sh\"\n";
			showEnvVarsInLog = 0;
		};
		91D6FBE700CFBC4EBADB9643 /* [CP] Check Pods Manifest.lock */ = {
			isa = PBXShellScriptBuildPhase;
			buildActionMask = 2147483647;
			files = (
			);
			inputPaths = (
			);
			name = "[CP] Check Pods Manifest.lock";
			outputPaths = (
			);
			runOnlyForDeploymentPostprocessing = 0;
			shellPath = /bin/sh;
			shellScript = "diff \"${PODS_ROOT}/../Podfile.lock\" \"${PODS_ROOT}/Manifest.lock\" > /dev/null\nif [ $? != 0 ] ; then\n    # print error to STDERR\n    echo \"error: The sandbox is not in sync with the Podfile.lock. Run 'pod install' or update your CocoaPods installation.\" >&2\n    exit 1\nfi\n";
			showEnvVarsInLog = 0;
		};
		A7ED3BA86F2D80E98027AD18 /* [CP] Check Pods Manifest.lock */ = {
			isa = PBXShellScriptBuildPhase;
			buildActionMask = 2147483647;
			files = (
			);
			inputPaths = (
			);
			name = "[CP] Check Pods Manifest.lock";
			outputPaths = (
			);
			runOnlyForDeploymentPostprocessing = 0;
			shellPath = /bin/sh;
			shellScript = "diff \"${PODS_ROOT}/../Podfile.lock\" \"${PODS_ROOT}/Manifest.lock\" > /dev/null\nif [ $? != 0 ] ; then\n    # print error to STDERR\n    echo \"error: The sandbox is not in sync with the Podfile.lock. Run 'pod install' or update your CocoaPods installation.\" >&2\n    exit 1\nfi\n";
			showEnvVarsInLog = 0;
		};
		EB17C1A74287605D54DF9B05 /* [CP] Copy Pods Resources */ = {
			isa = PBXShellScriptBuildPhase;
			buildActionMask = 2147483647;
			files = (
			);
			inputPaths = (
			);
			name = "[CP] Copy Pods Resources";
			outputPaths = (
			);
			runOnlyForDeploymentPostprocessing = 0;
			shellPath = /bin/sh;
			shellScript = "\"${SRCROOT}/Pods/Target Support Files/Pods-TumblrFeed/Pods-TumblrFeed-resources.sh\"\n";
			showEnvVarsInLog = 0;
		};
/* End PBXShellScriptBuildPhase section */

/* Begin PBXSourcesBuildPhase section */
		463528401E43F491003CC115 /* Sources */ = {
			isa = PBXSourcesBuildPhase;
			buildActionMask = 2147483647;
			files = (
				463528481E43F491003CC115 /* AppDelegate.swift in Sources */,
				463528761E43F5F8003CC115 /* PhotosViewController.swift in Sources */,
			);
			runOnlyForDeploymentPostprocessing = 0;
		};
		463528541E43F491003CC115 /* Sources */ = {
			isa = PBXSourcesBuildPhase;
			buildActionMask = 2147483647;
			files = (
				4635285D1E43F491003CC115 /* TumblrFeedTests.swift in Sources */,
			);
			runOnlyForDeploymentPostprocessing = 0;
		};
		4635285F1E43F491003CC115 /* Sources */ = {
			isa = PBXSourcesBuildPhase;
			buildActionMask = 2147483647;
			files = (
				463528681E43F491003CC115 /* TumblrFeedUITests.swift in Sources */,
			);
			runOnlyForDeploymentPostprocessing = 0;
		};
/* End PBXSourcesBuildPhase section */

/* Begin PBXTargetDependency section */
		4635285A1E43F491003CC115 /* PBXTargetDependency */ = {
			isa = PBXTargetDependency;
			target = 463528431E43F491003CC115 /* TumblrFeed */;
			targetProxy = 463528591E43F491003CC115 /* PBXContainerItemProxy */;
		};
		463528651E43F491003CC115 /* PBXTargetDependency */ = {
			isa = PBXTargetDependency;
			target = 463528431E43F491003CC115 /* TumblrFeed */;
			targetProxy = 463528641E43F491003CC115 /* PBXContainerItemProxy */;
		};
/* End PBXTargetDependency section */

/* Begin PBXVariantGroup section */
		4635284B1E43F491003CC115 /* Main.storyboard */ = {
			isa = PBXVariantGroup;
			children = (
				4635284C1E43F491003CC115 /* Base */,
			);
			name = Main.storyboard;
			sourceTree = "<group>";
		};
		463528501E43F491003CC115 /* LaunchScreen.storyboard */ = {
			isa = PBXVariantGroup;
			children = (
				463528511E43F491003CC115 /* Base */,
			);
			name = LaunchScreen.storyboard;
			sourceTree = "<group>";
		};
/* End PBXVariantGroup section */

/* Begin XCBuildConfiguration section */
		4635286A1E43F491003CC115 /* Debug */ = {
			isa = XCBuildConfiguration;
			buildSettings = {
				ALWAYS_SEARCH_USER_PATHS = NO;
				CLANG_ANALYZER_NONNULL = YES;
				CLANG_CXX_LANGUAGE_STANDARD = "gnu++0x";
				CLANG_CXX_LIBRARY = "libc++";
				CLANG_ENABLE_MODULES = YES;
				CLANG_ENABLE_OBJC_ARC = YES;
				CLANG_WARN_BOOL_CONVERSION = YES;
				CLANG_WARN_CONSTANT_CONVERSION = YES;
				CLANG_WARN_DIRECT_OBJC_ISA_USAGE = YES_ERROR;
				CLANG_WARN_DOCUMENTATION_COMMENTS = YES;
				CLANG_WARN_EMPTY_BODY = YES;
				CLANG_WARN_ENUM_CONVERSION = YES;
				CLANG_WARN_INFINITE_RECURSION = YES;
				CLANG_WARN_INT_CONVERSION = YES;
				CLANG_WARN_OBJC_ROOT_CLASS = YES_ERROR;
				CLANG_WARN_SUSPICIOUS_MOVE = YES;
				CLANG_WARN_UNREACHABLE_CODE = YES;
				CLANG_WARN__DUPLICATE_METHOD_MATCH = YES;
				"CODE_SIGN_IDENTITY[sdk=iphoneos*]" = "iPhone Developer";
				COPY_PHASE_STRIP = NO;
				DEBUG_INFORMATION_FORMAT = dwarf;
				ENABLE_STRICT_OBJC_MSGSEND = YES;
				ENABLE_TESTABILITY = YES;
				GCC_C_LANGUAGE_STANDARD = gnu99;
				GCC_DYNAMIC_NO_PIC = NO;
				GCC_NO_COMMON_BLOCKS = YES;
				GCC_OPTIMIZATION_LEVEL = 0;
				GCC_PREPROCESSOR_DEFINITIONS = (
					"DEBUG=1",
					"$(inherited)",
				);
				GCC_WARN_64_TO_32_BIT_CONVERSION = YES;
				GCC_WARN_ABOUT_RETURN_TYPE = YES_ERROR;
				GCC_WARN_UNDECLARED_SELECTOR = YES;
				GCC_WARN_UNINITIALIZED_AUTOS = YES_AGGRESSIVE;
				GCC_WARN_UNUSED_FUNCTION = YES;
				GCC_WARN_UNUSED_VARIABLE = YES;
				IPHONEOS_DEPLOYMENT_TARGET = 10.2;
				MTL_ENABLE_DEBUG_INFO = YES;
				ONLY_ACTIVE_ARCH = YES;
				SDKROOT = iphoneos;
				SWIFT_ACTIVE_COMPILATION_CONDITIONS = DEBUG;
				SWIFT_OPTIMIZATION_LEVEL = "-Onone";
			};
			name = Debug;
		};
		4635286B1E43F491003CC115 /* Release */ = {
			isa = XCBuildConfiguration;
			buildSettings = {
				ALWAYS_SEARCH_USER_PATHS = NO;
				CLANG_ANALYZER_NONNULL = YES;
				CLANG_CXX_LANGUAGE_STANDARD = "gnu++0x";
				CLANG_CXX_LIBRARY = "libc++";
				CLANG_ENABLE_MODULES = YES;
				CLANG_ENABLE_OBJC_ARC = YES;
				CLANG_WARN_BOOL_CONVERSION = YES;
				CLANG_WARN_CONSTANT_CONVERSION = YES;
				CLANG_WARN_DIRECT_OBJC_ISA_USAGE = YES_ERROR;
				CLANG_WARN_DOCUMENTATION_COMMENTS = YES;
				CLANG_WARN_EMPTY_BODY = YES;
				CLANG_WARN_ENUM_CONVERSION = YES;
				CLANG_WARN_INFINITE_RECURSION = YES;
				CLANG_WARN_INT_CONVERSION = YES;
				CLANG_WARN_OBJC_ROOT_CLASS = YES_ERROR;
				CLANG_WARN_SUSPICIOUS_MOVE = YES;
				CLANG_WARN_UNREACHABLE_CODE = YES;
				CLANG_WARN__DUPLICATE_METHOD_MATCH = YES;
				"CODE_SIGN_IDENTITY[sdk=iphoneos*]" = "iPhone Developer";
				COPY_PHASE_STRIP = NO;
				DEBUG_INFORMATION_FORMAT = "dwarf-with-dsym";
				ENABLE_NS_ASSERTIONS = NO;
				ENABLE_STRICT_OBJC_MSGSEND = YES;
				GCC_C_LANGUAGE_STANDARD = gnu99;
				GCC_NO_COMMON_BLOCKS = YES;
				GCC_WARN_64_TO_32_BIT_CONVERSION = YES;
				GCC_WARN_ABOUT_RETURN_TYPE = YES_ERROR;
				GCC_WARN_UNDECLARED_SELECTOR = YES;
				GCC_WARN_UNINITIALIZED_AUTOS = YES_AGGRESSIVE;
				GCC_WARN_UNUSED_FUNCTION = YES;
				GCC_WARN_UNUSED_VARIABLE = YES;
				IPHONEOS_DEPLOYMENT_TARGET = 10.2;
				MTL_ENABLE_DEBUG_INFO = NO;
				SDKROOT = iphoneos;
				SWIFT_OPTIMIZATION_LEVEL = "-Owholemodule";
				VALIDATE_PRODUCT = YES;
			};
			name = Release;
		};
		4635286D1E43F491003CC115 /* Debug */ = {
			isa = XCBuildConfiguration;
			baseConfigurationReference = D3BBFF645BC0210150779AF8 /* Pods-TumblrFeed.debug.xcconfig */;
			buildSettings = {
				ASSETCATALOG_COMPILER_APPICON_NAME = AppIcon;
				INFOPLIST_FILE = TumblrFeed/Info.plist;
				LD_RUNPATH_SEARCH_PATHS = "$(inherited) @executable_path/Frameworks";
				PRODUCT_BUNDLE_IDENTIFIER = youssefelabd.com.TumblrFeed;
				PRODUCT_NAME = "$(TARGET_NAME)";
				SWIFT_VERSION = 3.0;
			};
			name = Debug;
		};
		4635286E1E43F491003CC115 /* Release */ = {
			isa = XCBuildConfiguration;
			baseConfigurationReference = F96F4F2910000D8003A1A25E /* Pods-TumblrFeed.release.xcconfig */;
			buildSettings = {
				ASSETCATALOG_COMPILER_APPICON_NAME = AppIcon;
				INFOPLIST_FILE = TumblrFeed/Info.plist;
				LD_RUNPATH_SEARCH_PATHS = "$(inherited) @executable_path/Frameworks";
				PRODUCT_BUNDLE_IDENTIFIER = youssefelabd.com.TumblrFeed;
				PRODUCT_NAME = "$(TARGET_NAME)";
				SWIFT_VERSION = 3.0;
			};
			name = Release;
		};
		463528701E43F491003CC115 /* Debug */ = {
			isa = XCBuildConfiguration;
			baseConfigurationReference = 92FC36568A982955D09F12B8 /* Pods-TumblrFeedTests.debug.xcconfig */;
			buildSettings = {
				ALWAYS_EMBED_SWIFT_STANDARD_LIBRARIES = YES;
				BUNDLE_LOADER = "$(TEST_HOST)";
				INFOPLIST_FILE = TumblrFeedTests/Info.plist;
				LD_RUNPATH_SEARCH_PATHS = "$(inherited) @executable_path/Frameworks @loader_path/Frameworks";
				PRODUCT_BUNDLE_IDENTIFIER = youssefelabd.com.TumblrFeedTests;
				PRODUCT_NAME = "$(TARGET_NAME)";
				SWIFT_VERSION = 3.0;
				TEST_HOST = "$(BUILT_PRODUCTS_DIR)/TumblrFeed.app/TumblrFeed";
			};
			name = Debug;
		};
		463528711E43F491003CC115 /* Release */ = {
			isa = XCBuildConfiguration;
			baseConfigurationReference = 74C3373A39700791F8A65BE9 /* Pods-TumblrFeedTests.release.xcconfig */;
			buildSettings = {
				ALWAYS_EMBED_SWIFT_STANDARD_LIBRARIES = YES;
				BUNDLE_LOADER = "$(TEST_HOST)";
				INFOPLIST_FILE = TumblrFeedTests/Info.plist;
				LD_RUNPATH_SEARCH_PATHS = "$(inherited) @executable_path/Frameworks @loader_path/Frameworks";
				PRODUCT_BUNDLE_IDENTIFIER = youssefelabd.com.TumblrFeedTests;
				PRODUCT_NAME = "$(TARGET_NAME)";
				SWIFT_VERSION = 3.0;
				TEST_HOST = "$(BUILT_PRODUCTS_DIR)/TumblrFeed.app/TumblrFeed";
			};
			name = Release;
		};
		463528731E43F491003CC115 /* Debug */ = {
			isa = XCBuildConfiguration;
			baseConfigurationReference = 76ECBD73E1A058B0B3ABEB15 /* Pods-TumblrFeedUITests.debug.xcconfig */;
			buildSettings = {
				ALWAYS_EMBED_SWIFT_STANDARD_LIBRARIES = YES;
				INFOPLIST_FILE = TumblrFeedUITests/Info.plist;
				LD_RUNPATH_SEARCH_PATHS = "$(inherited) @executable_path/Frameworks @loader_path/Frameworks";
				PRODUCT_BUNDLE_IDENTIFIER = youssefelabd.com.TumblrFeedUITests;
				PRODUCT_NAME = "$(TARGET_NAME)";
				SWIFT_VERSION = 3.0;
				TEST_TARGET_NAME = TumblrFeed;
			};
			name = Debug;
		};
		463528741E43F491003CC115 /* Release */ = {
			isa = XCBuildConfiguration;
			baseConfigurationReference = 9D77FCD514228A32EDC1C473 /* Pods-TumblrFeedUITests.release.xcconfig */;
			buildSettings = {
				ALWAYS_EMBED_SWIFT_STANDARD_LIBRARIES = YES;
				INFOPLIST_FILE = TumblrFeedUITests/Info.plist;
				LD_RUNPATH_SEARCH_PATHS = "$(inherited) @executable_path/Frameworks @loader_path/Frameworks";
				PRODUCT_BUNDLE_IDENTIFIER = youssefelabd.com.TumblrFeedUITests;
				PRODUCT_NAME = "$(TARGET_NAME)";
				SWIFT_VERSION = 3.0;
				TEST_TARGET_NAME = TumblrFeed;
			};
			name = Release;
		};
/* End XCBuildConfiguration section */

/* Begin XCConfigurationList section */
		4635283F1E43F491003CC115 /* Build configuration list for PBXProject "TumblrFeed" */ = {
			isa = XCConfigurationList;
			buildConfigurations = (
				4635286A1E43F491003CC115 /* Debug */,
				4635286B1E43F491003CC115 /* Release */,
			);
			defaultConfigurationIsVisible = 0;
			defaultConfigurationName = Release;
		};
		4635286C1E43F491003CC115 /* Build configuration list for PBXNativeTarget "TumblrFeed" */ = {
			isa = XCConfigurationList;
			buildConfigurations = (
				4635286D1E43F491003CC115 /* Debug */,
				4635286E1E43F491003CC115 /* Release */,
			);
			defaultConfigurationIsVisible = 0;
			defaultConfigurationName = Release;
		};
		4635286F1E43F491003CC115 /* Build configuration list for PBXNativeTarget "TumblrFeedTests" */ = {
			isa = XCConfigurationList;
			buildConfigurations = (
				463528701E43F491003CC115 /* Debug */,
				463528711E43F491003CC115 /* Release */,
			);
			defaultConfigurationIsVisible = 0;
			defaultConfigurationName = Release;
		};
		463528721E43F491003CC115 /* Build configuration list for PBXNativeTarget "TumblrFeedUITests" */ = {
			isa = XCConfigurationList;
			buildConfigurations = (
				463528731E43F491003CC115 /* Debug */,
				463528741E43F491003CC115 /* Release */,
			);
			defaultConfigurationIsVisible = 0;
			defaultConfigurationName = Release;
		};
/* End XCConfigurationList section */
	};
	rootObject = 4635283C1E43F491003CC115 /* Project object */;
}
